// !$*UTF8*$!
{
	archiveVersion = 1;
	classes = {
	};
	objectVersion = 56;
	objects = {

/* Begin PBXBuildFile section */
		547D7FA629FAE33C00EAE8AE /* AppDelegate.swift in Sources */ = {isa = PBXBuildFile; fileRef = 547D7FA529FAE33C00EAE8AE /* AppDelegate.swift */; };
		547D7FA829FAE33C00EAE8AE /* SceneDelegate.swift in Sources */ = {isa = PBXBuildFile; fileRef = 547D7FA729FAE33C00EAE8AE /* SceneDelegate.swift */; };
		547D7FAF29FAE34200EAE8AE /* Assets.xcassets in Resources */ = {isa = PBXBuildFile; fileRef = 547D7FAE29FAE34200EAE8AE /* Assets.xcassets */; };
		547D7FB229FAE34200EAE8AE /* LaunchScreen.storyboard in Resources */ = {isa = PBXBuildFile; fileRef = 547D7FB029FAE34200EAE8AE /* LaunchScreen.storyboard */; };
		547D7FBC29FAE50800EAE8AE /* SnapKit in Frameworks */ = {isa = PBXBuildFile; productRef = 547D7FBB29FAE50800EAE8AE /* SnapKit */; };
		547D7FC729FAED3600EAE8AE /* MenuViewController.swift in Sources */ = {isa = PBXBuildFile; fileRef = 547D7FC629FAED3600EAE8AE /* MenuViewController.swift */; };
		547D7FCA29FAED5000EAE8AE /* Constants.swift in Sources */ = {isa = PBXBuildFile; fileRef = 547D7FC929FAED5000EAE8AE /* Constants.swift */; };
		547D7FD129FAED9D00EAE8AE /* BaseViewController.swift in Sources */ = {isa = PBXBuildFile; fileRef = 547D7FD029FAED9D00EAE8AE /* BaseViewController.swift */; };
		547D7FD329FAEF0D00EAE8AE /* MenuModuleBuilder.swift in Sources */ = {isa = PBXBuildFile; fileRef = 547D7FD229FAEF0D00EAE8AE /* MenuModuleBuilder.swift */; };
		547D7FD929FAF0B200EAE8AE /* TabBarViewController.swift in Sources */ = {isa = PBXBuildFile; fileRef = 547D7FD829FAF0B200EAE8AE /* TabBarViewController.swift */; };
		547D7FDB29FAF0DA00EAE8AE /* TabBarModuleBuilder.swift in Sources */ = {isa = PBXBuildFile; fileRef = 547D7FDA29FAF0DA00EAE8AE /* TabBarModuleBuilder.swift */; };
		547D7FDD29FAF22F00EAE8AE /* TabBarRouter.swift in Sources */ = {isa = PBXBuildFile; fileRef = 547D7FDC29FAF22E00EAE8AE /* TabBarRouter.swift */; };
		547D7FE229FB039500EAE8AE /* CartViewController.swift in Sources */ = {isa = PBXBuildFile; fileRef = 547D7FE129FB039500EAE8AE /* CartViewController.swift */; };
		547D7FE429FB03B200EAE8AE /* CartModuleBuilder.swift in Sources */ = {isa = PBXBuildFile; fileRef = 547D7FE329FB03B200EAE8AE /* CartModuleBuilder.swift */; };
		547D7FE629FB03EC00EAE8AE /* ProfileViewController.swift in Sources */ = {isa = PBXBuildFile; fileRef = 547D7FE529FB03EC00EAE8AE /* ProfileViewController.swift */; };
		547D7FE829FB040200EAE8AE /* ProfileModuleBuilder.swift in Sources */ = {isa = PBXBuildFile; fileRef = 547D7FE729FB040200EAE8AE /* ProfileModuleBuilder.swift */; };
		547D7FEA29FB043900EAE8AE /* ContactsViewController.swift in Sources */ = {isa = PBXBuildFile; fileRef = 547D7FE929FB043900EAE8AE /* ContactsViewController.swift */; };
		547D7FEC29FB044F00EAE8AE /* ContactsModuleBuilder.swift in Sources */ = {isa = PBXBuildFile; fileRef = 547D7FEB29FB044F00EAE8AE /* ContactsModuleBuilder.swift */; };
		547D7FEE29FB0CBF00EAE8AE /* MenuRouter.swift in Sources */ = {isa = PBXBuildFile; fileRef = 547D7FED29FB0CBF00EAE8AE /* MenuRouter.swift */; };
		547D7FF029FB0CF400EAE8AE /* MenuInteractor.swift in Sources */ = {isa = PBXBuildFile; fileRef = 547D7FEF29FB0CF400EAE8AE /* MenuInteractor.swift */; };
		547D7FF229FB0D0200EAE8AE /* MenuPresenter.swift in Sources */ = {isa = PBXBuildFile; fileRef = 547D7FF129FB0D0200EAE8AE /* MenuPresenter.swift */; };
		547D7FF429FB0D1500EAE8AE /* MenuProtocols.swift in Sources */ = {isa = PBXBuildFile; fileRef = 547D7FF329FB0D1500EAE8AE /* MenuProtocols.swift */; };
		547D7FF729FB10EC00EAE8AE /* LocationView.swift in Sources */ = {isa = PBXBuildFile; fileRef = 547D7FF629FB10EC00EAE8AE /* LocationView.swift */; };
		54C124B429FB82A90020EB11 /* APIResource.swift in Sources */ = {isa = PBXBuildFile; fileRef = 54C124B329FB82A90020EB11 /* APIResource.swift */; };
		54C124B629FB83300020EB11 /* MenuEntity.swift in Sources */ = {isa = PBXBuildFile; fileRef = 54C124B529FB83300020EB11 /* MenuEntity.swift */; };
		54C124B829FB85C60020EB11 /* NetworkRequest.swift in Sources */ = {isa = PBXBuildFile; fileRef = 54C124B729FB85C60020EB11 /* NetworkRequest.swift */; };
		54C124BA29FB87510020EB11 /* APIRequest.swift in Sources */ = {isa = PBXBuildFile; fileRef = 54C124B929FB87510020EB11 /* APIRequest.swift */; };
		54C124BC29FB87A20020EB11 /* ImageRequest.swift in Sources */ = {isa = PBXBuildFile; fileRef = 54C124BB29FB87A20020EB11 /* ImageRequest.swift */; };
		54C124BE29FB88720020EB11 /* PromotionCollectionViewCell.swift in Sources */ = {isa = PBXBuildFile; fileRef = 54C124BD29FB88720020EB11 /* PromotionCollectionViewCell.swift */; };
		54C124C029FB88830020EB11 /* CategoryCollectionViewCell.swift in Sources */ = {isa = PBXBuildFile; fileRef = 54C124BF29FB88820020EB11 /* CategoryCollectionViewCell.swift */; };
		54C124C229FB88A20020EB11 /* FoodCollectionViewCell.swift in Sources */ = {isa = PBXBuildFile; fileRef = 54C124C129FB88A20020EB11 /* FoodCollectionViewCell.swift */; };
		54C124C529FB9CD60020EB11 /* SkeletonLoadable.swift in Sources */ = {isa = PBXBuildFile; fileRef = 54C124C429FB9CD60020EB11 /* SkeletonLoadable.swift */; };
		54C124C929FBB9810020EB11 /* ImageLoader.swift in Sources */ = {isa = PBXBuildFile; fileRef = 54C124C829FBB9810020EB11 /* ImageLoader.swift */; };
		54C124CB29FBD8D60020EB11 /* CategoryCollectionReusableView.swift in Sources */ = {isa = PBXBuildFile; fileRef = 54C124CA29FBD8D60020EB11 /* CategoryCollectionReusableView.swift */; };
		54C124D029FC4B6E0020EB11 /* UIView+Extension.swift in Sources */ = {isa = PBXBuildFile; fileRef = 54C124CF29FC4B6E0020EB11 /* UIView+Extension.swift */; };
/* End PBXBuildFile section */

/* Begin PBXFileReference section */
		547D7FA229FAE33C00EAE8AE /* HammerFoodTestApp.app */ = {isa = PBXFileReference; explicitFileType = wrapper.application; includeInIndex = 0; path = HammerFoodTestApp.app; sourceTree = BUILT_PRODUCTS_DIR; };
		547D7FA529FAE33C00EAE8AE /* AppDelegate.swift */ = {isa = PBXFileReference; lastKnownFileType = sourcecode.swift; path = AppDelegate.swift; sourceTree = "<group>"; };
		547D7FA729FAE33C00EAE8AE /* SceneDelegate.swift */ = {isa = PBXFileReference; lastKnownFileType = sourcecode.swift; path = SceneDelegate.swift; sourceTree = "<group>"; };
		547D7FAE29FAE34200EAE8AE /* Assets.xcassets */ = {isa = PBXFileReference; lastKnownFileType = folder.assetcatalog; path = Assets.xcassets; sourceTree = "<group>"; };
		547D7FB129FAE34200EAE8AE /* Base */ = {isa = PBXFileReference; lastKnownFileType = file.storyboard; name = Base; path = Base.lproj/LaunchScreen.storyboard; sourceTree = "<group>"; };
		547D7FB329FAE34200EAE8AE /* Info.plist */ = {isa = PBXFileReference; lastKnownFileType = text.plist.xml; path = Info.plist; sourceTree = "<group>"; };
		547D7FC629FAED3600EAE8AE /* MenuViewController.swift */ = {isa = PBXFileReference; lastKnownFileType = sourcecode.swift; path = MenuViewController.swift; sourceTree = "<group>"; };
		547D7FC929FAED5000EAE8AE /* Constants.swift */ = {isa = PBXFileReference; lastKnownFileType = sourcecode.swift; path = Constants.swift; sourceTree = "<group>"; };
		547D7FD029FAED9D00EAE8AE /* BaseViewController.swift */ = {isa = PBXFileReference; lastKnownFileType = sourcecode.swift; path = BaseViewController.swift; sourceTree = "<group>"; };
		547D7FD229FAEF0D00EAE8AE /* MenuModuleBuilder.swift */ = {isa = PBXFileReference; lastKnownFileType = sourcecode.swift; path = MenuModuleBuilder.swift; sourceTree = "<group>"; };
		547D7FD829FAF0B200EAE8AE /* TabBarViewController.swift */ = {isa = PBXFileReference; lastKnownFileType = sourcecode.swift; path = TabBarViewController.swift; sourceTree = "<group>"; };
		547D7FDA29FAF0DA00EAE8AE /* TabBarModuleBuilder.swift */ = {isa = PBXFileReference; lastKnownFileType = sourcecode.swift; path = TabBarModuleBuilder.swift; sourceTree = "<group>"; };
		547D7FDC29FAF22E00EAE8AE /* TabBarRouter.swift */ = {isa = PBXFileReference; lastKnownFileType = sourcecode.swift; path = TabBarRouter.swift; sourceTree = "<group>"; };
		547D7FE129FB039500EAE8AE /* CartViewController.swift */ = {isa = PBXFileReference; lastKnownFileType = sourcecode.swift; path = CartViewController.swift; sourceTree = "<group>"; };
		547D7FE329FB03B200EAE8AE /* CartModuleBuilder.swift */ = {isa = PBXFileReference; lastKnownFileType = sourcecode.swift; path = CartModuleBuilder.swift; sourceTree = "<group>"; };
		547D7FE529FB03EC00EAE8AE /* ProfileViewController.swift */ = {isa = PBXFileReference; lastKnownFileType = sourcecode.swift; path = ProfileViewController.swift; sourceTree = "<group>"; };
		547D7FE729FB040200EAE8AE /* ProfileModuleBuilder.swift */ = {isa = PBXFileReference; lastKnownFileType = sourcecode.swift; path = ProfileModuleBuilder.swift; sourceTree = "<group>"; };
		547D7FE929FB043900EAE8AE /* ContactsViewController.swift */ = {isa = PBXFileReference; lastKnownFileType = sourcecode.swift; path = ContactsViewController.swift; sourceTree = "<group>"; };
		547D7FEB29FB044F00EAE8AE /* ContactsModuleBuilder.swift */ = {isa = PBXFileReference; lastKnownFileType = sourcecode.swift; path = ContactsModuleBuilder.swift; sourceTree = "<group>"; };
		547D7FED29FB0CBF00EAE8AE /* MenuRouter.swift */ = {isa = PBXFileReference; lastKnownFileType = sourcecode.swift; path = MenuRouter.swift; sourceTree = "<group>"; };
		547D7FEF29FB0CF400EAE8AE /* MenuInteractor.swift */ = {isa = PBXFileReference; lastKnownFileType = sourcecode.swift; path = MenuInteractor.swift; sourceTree = "<group>"; };
		547D7FF129FB0D0200EAE8AE /* MenuPresenter.swift */ = {isa = PBXFileReference; lastKnownFileType = sourcecode.swift; path = MenuPresenter.swift; sourceTree = "<group>"; };
		547D7FF329FB0D1500EAE8AE /* MenuProtocols.swift */ = {isa = PBXFileReference; lastKnownFileType = sourcecode.swift; path = MenuProtocols.swift; sourceTree = "<group>"; };
		547D7FF629FB10EC00EAE8AE /* LocationView.swift */ = {isa = PBXFileReference; lastKnownFileType = sourcecode.swift; path = LocationView.swift; sourceTree = "<group>"; };
		54C124B329FB82A90020EB11 /* APIResource.swift */ = {isa = PBXFileReference; lastKnownFileType = sourcecode.swift; path = APIResource.swift; sourceTree = "<group>"; };
		54C124B529FB83300020EB11 /* MenuEntity.swift */ = {isa = PBXFileReference; lastKnownFileType = sourcecode.swift; path = MenuEntity.swift; sourceTree = "<group>"; };
		54C124B729FB85C60020EB11 /* NetworkRequest.swift */ = {isa = PBXFileReference; lastKnownFileType = sourcecode.swift; path = NetworkRequest.swift; sourceTree = "<group>"; };
		54C124B929FB87510020EB11 /* APIRequest.swift */ = {isa = PBXFileReference; lastKnownFileType = sourcecode.swift; path = APIRequest.swift; sourceTree = "<group>"; };
		54C124BB29FB87A20020EB11 /* ImageRequest.swift */ = {isa = PBXFileReference; lastKnownFileType = sourcecode.swift; path = ImageRequest.swift; sourceTree = "<group>"; };
		54C124BD29FB88720020EB11 /* PromotionCollectionViewCell.swift */ = {isa = PBXFileReference; lastKnownFileType = sourcecode.swift; path = PromotionCollectionViewCell.swift; sourceTree = "<group>"; };
		54C124BF29FB88820020EB11 /* CategoryCollectionViewCell.swift */ = {isa = PBXFileReference; lastKnownFileType = sourcecode.swift; path = CategoryCollectionViewCell.swift; sourceTree = "<group>"; };
		54C124C129FB88A20020EB11 /* FoodCollectionViewCell.swift */ = {isa = PBXFileReference; lastKnownFileType = sourcecode.swift; path = FoodCollectionViewCell.swift; sourceTree = "<group>"; };
		54C124C429FB9CD60020EB11 /* SkeletonLoadable.swift */ = {isa = PBXFileReference; lastKnownFileType = sourcecode.swift; path = SkeletonLoadable.swift; sourceTree = "<group>"; };
		54C124C829FBB9810020EB11 /* ImageLoader.swift */ = {isa = PBXFileReference; lastKnownFileType = sourcecode.swift; path = ImageLoader.swift; sourceTree = "<group>"; };
		54C124CA29FBD8D60020EB11 /* CategoryCollectionReusableView.swift */ = {isa = PBXFileReference; lastKnownFileType = sourcecode.swift; path = CategoryCollectionReusableView.swift; sourceTree = "<group>"; };
		54C124CF29FC4B6E0020EB11 /* UIView+Extension.swift */ = {isa = PBXFileReference; lastKnownFileType = sourcecode.swift; path = "UIView+Extension.swift"; sourceTree = "<group>"; };
/* End PBXFileReference section */

/* Begin PBXFrameworksBuildPhase section */
		547D7F9F29FAE33C00EAE8AE /* Frameworks */ = {
			isa = PBXFrameworksBuildPhase;
			buildActionMask = 2147483647;
			files = (
				547D7FBC29FAE50800EAE8AE /* SnapKit in Frameworks */,
			);
			runOnlyForDeploymentPostprocessing = 0;
		};
/* End PBXFrameworksBuildPhase section */

/* Begin PBXGroup section */
		547D7F9929FAE33C00EAE8AE = {
			isa = PBXGroup;
			children = (
				547D7FA429FAE33C00EAE8AE /* HammerFoodTestApp */,
				547D7FA329FAE33C00EAE8AE /* Products */,
			);
			sourceTree = "<group>";
		};
		547D7FA329FAE33C00EAE8AE /* Products */ = {
			isa = PBXGroup;
			children = (
				547D7FA229FAE33C00EAE8AE /* HammerFoodTestApp.app */,
			);
			name = Products;
			sourceTree = "<group>";
		};
		547D7FA429FAE33C00EAE8AE /* HammerFoodTestApp */ = {
			isa = PBXGroup;
			children = (
				54C124CE29FC4B5D0020EB11 /* Extensions */,
				547D7FD429FAEF9600EAE8AE /* Protocols */,
				547D7FCE29FAED8800EAE8AE /* Components */,
				547D7FCB29FAED6100EAE8AE /* Services */,
				547D7FC829FAED4500EAE8AE /* Helper */,
				547D7FC429FAED0100EAE8AE /* Modules */,
				547D7FB929FAE38B00EAE8AE /* Application */,
				547D7FAE29FAE34200EAE8AE /* Assets.xcassets */,
			);
			path = HammerFoodTestApp;
			sourceTree = "<group>";
		};
		547D7FB929FAE38B00EAE8AE /* Application */ = {
			isa = PBXGroup;
			children = (
				547D7FA529FAE33C00EAE8AE /* AppDelegate.swift */,
				547D7FA729FAE33C00EAE8AE /* SceneDelegate.swift */,
				547D7FB029FAE34200EAE8AE /* LaunchScreen.storyboard */,
				547D7FB329FAE34200EAE8AE /* Info.plist */,
			);
			path = Application;
			sourceTree = "<group>";
		};
		547D7FC429FAED0100EAE8AE /* Modules */ = {
			isa = PBXGroup;
			children = (
				547D7FE029FAF31F00EAE8AE /* Cart */,
				547D7FDF29FAF31800EAE8AE /* Profile */,
				547D7FDE29FAF31100EAE8AE /* Contacts */,
				547D7FD729FAF09500EAE8AE /* TabBar */,
				547D7FC529FAED1E00EAE8AE /* Menu */,
			);
			path = Modules;
			sourceTree = "<group>";
		};
		547D7FC529FAED1E00EAE8AE /* Menu */ = {
			isa = PBXGroup;
			children = (
				547D7FC629FAED3600EAE8AE /* MenuViewController.swift */,
				547D7FD229FAEF0D00EAE8AE /* MenuModuleBuilder.swift */,
				547D7FED29FB0CBF00EAE8AE /* MenuRouter.swift */,
				547D7FEF29FB0CF400EAE8AE /* MenuInteractor.swift */,
				547D7FF129FB0D0200EAE8AE /* MenuPresenter.swift */,
				547D7FF329FB0D1500EAE8AE /* MenuProtocols.swift */,
				54C124B529FB83300020EB11 /* MenuEntity.swift */,
			);
			path = Menu;
			sourceTree = "<group>";
		};
		547D7FC829FAED4500EAE8AE /* Helper */ = {
			isa = PBXGroup;
			children = (
				547D7FC929FAED5000EAE8AE /* Constants.swift */,
			);
			path = Helper;
			sourceTree = "<group>";
		};
		547D7FCB29FAED6100EAE8AE /* Services */ = {
			isa = PBXGroup;
			children = (
				547D7FCD29FAED7300EAE8AE /* Cache */,
				547D7FCC29FAED6900EAE8AE /* Networking */,
			);
			path = Services;
			sourceTree = "<group>";
		};
		547D7FCC29FAED6900EAE8AE /* Networking */ = {
			isa = PBXGroup;
			children = (
				54C124B929FB87510020EB11 /* APIRequest.swift */,
				54C124BB29FB87A20020EB11 /* ImageRequest.swift */,
			);
			path = Networking;
			sourceTree = "<group>";
		};
		547D7FCD29FAED7300EAE8AE /* Cache */ = {
			isa = PBXGroup;
			children = (
			);
			path = Cache;
			sourceTree = "<group>";
		};
		547D7FCE29FAED8800EAE8AE /* Components */ = {
			isa = PBXGroup;
			children = (
				54C124C329FB88AF0020EB11 /* Headers */,
				54C124B229FB1E6F0020EB11 /* Cells */,
				547D7FF529FB10D100EAE8AE /* Views */,
				547D7FCF29FAED9000EAE8AE /* ViewControllers */,
			);
			path = Components;
			sourceTree = "<group>";
		};
		547D7FCF29FAED9000EAE8AE /* ViewControllers */ = {
			isa = PBXGroup;
			children = (
				547D7FD029FAED9D00EAE8AE /* BaseViewController.swift */,
			);
			path = ViewControllers;
			sourceTree = "<group>";
		};
		547D7FD429FAEF9600EAE8AE /* Protocols */ = {
			isa = PBXGroup;
			children = (
				54C124B329FB82A90020EB11 /* APIResource.swift */,
				54C124B729FB85C60020EB11 /* NetworkRequest.swift */,
				54C124C429FB9CD60020EB11 /* SkeletonLoadable.swift */,
				54C124C829FBB9810020EB11 /* ImageLoader.swift */,
			);
			path = Protocols;
			sourceTree = "<group>";
		};
		547D7FD729FAF09500EAE8AE /* TabBar */ = {
			isa = PBXGroup;
			children = (
				547D7FD829FAF0B200EAE8AE /* TabBarViewController.swift */,
				547D7FDA29FAF0DA00EAE8AE /* TabBarModuleBuilder.swift */,
				547D7FDC29FAF22E00EAE8AE /* TabBarRouter.swift */,
			);
			path = TabBar;
			sourceTree = "<group>";
		};
		547D7FDE29FAF31100EAE8AE /* Contacts */ = {
			isa = PBXGroup;
			children = (
				547D7FE929FB043900EAE8AE /* ContactsViewController.swift */,
				547D7FEB29FB044F00EAE8AE /* ContactsModuleBuilder.swift */,
			);
			path = Contacts;
			sourceTree = "<group>";
		};
		547D7FDF29FAF31800EAE8AE /* Profile */ = {
			isa = PBXGroup;
			children = (
				547D7FE529FB03EC00EAE8AE /* ProfileViewController.swift */,
				547D7FE729FB040200EAE8AE /* ProfileModuleBuilder.swift */,
			);
			path = Profile;
			sourceTree = "<group>";
		};
		547D7FE029FAF31F00EAE8AE /* Cart */ = {
			isa = PBXGroup;
			children = (
				547D7FE129FB039500EAE8AE /* CartViewController.swift */,
				547D7FE329FB03B200EAE8AE /* CartModuleBuilder.swift */,
			);
			path = Cart;
			sourceTree = "<group>";
		};
		547D7FF529FB10D100EAE8AE /* Views */ = {
			isa = PBXGroup;
			children = (
				547D7FF629FB10EC00EAE8AE /* LocationView.swift */,
			);
			path = Views;
			sourceTree = "<group>";
		};
		54C124B229FB1E6F0020EB11 /* Cells */ = {
			isa = PBXGroup;
			children = (
				54C124BD29FB88720020EB11 /* PromotionCollectionViewCell.swift */,
				54C124BF29FB88820020EB11 /* CategoryCollectionViewCell.swift */,
				54C124C129FB88A20020EB11 /* FoodCollectionViewCell.swift */,
			);
			path = Cells;
			sourceTree = "<group>";
		};
		54C124C329FB88AF0020EB11 /* Headers */ = {
			isa = PBXGroup;
			children = (
				54C124CA29FBD8D60020EB11 /* CategoryCollectionReusableView.swift */,
			);
			path = Headers;
			sourceTree = "<group>";
		};
		54C124CE29FC4B5D0020EB11 /* Extensions */ = {
			isa = PBXGroup;
			children = (
				54C124CF29FC4B6E0020EB11 /* UIView+Extension.swift */,
			);
			path = Extensions;
			sourceTree = "<group>";
		};
/* End PBXGroup section */

/* Begin PBXNativeTarget section */
		547D7FA129FAE33C00EAE8AE /* HammerFoodTestApp */ = {
			isa = PBXNativeTarget;
			buildConfigurationList = 547D7FB629FAE34200EAE8AE /* Build configuration list for PBXNativeTarget "HammerFoodTestApp" */;
			buildPhases = (
				547D7F9E29FAE33C00EAE8AE /* Sources */,
				547D7F9F29FAE33C00EAE8AE /* Frameworks */,
				547D7FA029FAE33C00EAE8AE /* Resources */,
			);
			buildRules = (
			);
			dependencies = (
			);
			name = HammerFoodTestApp;
			packageProductDependencies = (
				547D7FBB29FAE50800EAE8AE /* SnapKit */,
			);
			productName = HammerFoodTestApp;
			productReference = 547D7FA229FAE33C00EAE8AE /* HammerFoodTestApp.app */;
			productType = "com.apple.product-type.application";
		};
/* End PBXNativeTarget section */

/* Begin PBXProject section */
		547D7F9A29FAE33C00EAE8AE /* Project object */ = {
			isa = PBXProject;
			attributes = {
				BuildIndependentTargetsInParallel = 1;
				LastSwiftUpdateCheck = 1410;
				LastUpgradeCheck = 1410;
				TargetAttributes = {
					547D7FA129FAE33C00EAE8AE = {
						CreatedOnToolsVersion = 14.1;
					};
				};
			};
			buildConfigurationList = 547D7F9D29FAE33C00EAE8AE /* Build configuration list for PBXProject "HammerFoodTestApp" */;
			compatibilityVersion = "Xcode 14.0";
			developmentRegion = en;
			hasScannedForEncodings = 0;
			knownRegions = (
				en,
				Base,
			);
			mainGroup = 547D7F9929FAE33C00EAE8AE;
			packageReferences = (
				547D7FBA29FAE50800EAE8AE /* XCRemoteSwiftPackageReference "SnapKit" */,
			);
			productRefGroup = 547D7FA329FAE33C00EAE8AE /* Products */;
			projectDirPath = "";
			projectRoot = "";
			targets = (
				547D7FA129FAE33C00EAE8AE /* HammerFoodTestApp */,
			);
		};
/* End PBXProject section */

/* Begin PBXResourcesBuildPhase section */
		547D7FA029FAE33C00EAE8AE /* Resources */ = {
			isa = PBXResourcesBuildPhase;
			buildActionMask = 2147483647;
			files = (
				547D7FB229FAE34200EAE8AE /* LaunchScreen.storyboard in Resources */,
				547D7FAF29FAE34200EAE8AE /* Assets.xcassets in Resources */,
			);
			runOnlyForDeploymentPostprocessing = 0;
		};
/* End PBXResourcesBuildPhase section */

/* Begin PBXSourcesBuildPhase section */
		547D7F9E29FAE33C00EAE8AE /* Sources */ = {
			isa = PBXSourcesBuildPhase;
			buildActionMask = 2147483647;
			files = (
				54C124D029FC4B6E0020EB11 /* UIView+Extension.swift in Sources */,
				547D7FE829FB040200EAE8AE /* ProfileModuleBuilder.swift in Sources */,
				54C124CB29FBD8D60020EB11 /* CategoryCollectionReusableView.swift in Sources */,
				547D7FEA29FB043900EAE8AE /* ContactsViewController.swift in Sources */,
				547D7FD929FAF0B200EAE8AE /* TabBarViewController.swift in Sources */,
				54C124C929FBB9810020EB11 /* ImageLoader.swift in Sources */,
				547D7FCA29FAED5000EAE8AE /* Constants.swift in Sources */,
				54C124C029FB88830020EB11 /* CategoryCollectionViewCell.swift in Sources */,
				547D7FEC29FB044F00EAE8AE /* ContactsModuleBuilder.swift in Sources */,
				54C124C229FB88A20020EB11 /* FoodCollectionViewCell.swift in Sources */,
				547D7FF429FB0D1500EAE8AE /* MenuProtocols.swift in Sources */,
				547D7FE229FB039500EAE8AE /* CartViewController.swift in Sources */,
				54C124B629FB83300020EB11 /* MenuEntity.swift in Sources */,
				547D7FD329FAEF0D00EAE8AE /* MenuModuleBuilder.swift in Sources */,
				547D7FEE29FB0CBF00EAE8AE /* MenuRouter.swift in Sources */,
				54C124BE29FB88720020EB11 /* PromotionCollectionViewCell.swift in Sources */,
				547D7FA629FAE33C00EAE8AE /* AppDelegate.swift in Sources */,
				547D7FDD29FAF22F00EAE8AE /* TabBarRouter.swift in Sources */,
				547D7FF029FB0CF400EAE8AE /* MenuInteractor.swift in Sources */,
				547D7FE629FB03EC00EAE8AE /* ProfileViewController.swift in Sources */,
				547D7FDB29FAF0DA00EAE8AE /* TabBarModuleBuilder.swift in Sources */,
				54C124B829FB85C60020EB11 /* NetworkRequest.swift in Sources */,
				547D7FA829FAE33C00EAE8AE /* SceneDelegate.swift in Sources */,
				54C124B429FB82A90020EB11 /* APIResource.swift in Sources */,
				547D7FE429FB03B200EAE8AE /* CartModuleBuilder.swift in Sources */,
				54C124BC29FB87A20020EB11 /* ImageRequest.swift in Sources */,
				547D7FC729FAED3600EAE8AE /* MenuViewController.swift in Sources */,
				547D7FF729FB10EC00EAE8AE /* LocationView.swift in Sources */,
				547D7FD129FAED9D00EAE8AE /* BaseViewController.swift in Sources */,
				54C124C529FB9CD60020EB11 /* SkeletonLoadable.swift in Sources */,
				54C124BA29FB87510020EB11 /* APIRequest.swift in Sources */,
				547D7FF229FB0D0200EAE8AE /* MenuPresenter.swift in Sources */,
			);
			runOnlyForDeploymentPostprocessing = 0;
		};
/* End PBXSourcesBuildPhase section */

/* Begin PBXVariantGroup section */
		547D7FB029FAE34200EAE8AE /* LaunchScreen.storyboard */ = {
			isa = PBXVariantGroup;
			children = (
				547D7FB129FAE34200EAE8AE /* Base */,
			);
			name = LaunchScreen.storyboard;
			sourceTree = "<group>";
		};
/* End PBXVariantGroup section */

/* Begin XCBuildConfiguration section */
		547D7FB429FAE34200EAE8AE /* Debug */ = {
			isa = XCBuildConfiguration;
			buildSettings = {
				ALWAYS_SEARCH_USER_PATHS = NO;
				CLANG_ANALYZER_NONNULL = YES;
				CLANG_ANALYZER_NUMBER_OBJECT_CONVERSION = YES_AGGRESSIVE;
				CLANG_CXX_LANGUAGE_STANDARD = "gnu++20";
				CLANG_ENABLE_MODULES = YES;
				CLANG_ENABLE_OBJC_ARC = YES;
				CLANG_ENABLE_OBJC_WEAK = YES;
				CLANG_WARN_BLOCK_CAPTURE_AUTORELEASING = YES;
				CLANG_WARN_BOOL_CONVERSION = YES;
				CLANG_WARN_COMMA = YES;
				CLANG_WARN_CONSTANT_CONVERSION = YES;
				CLANG_WARN_DEPRECATED_OBJC_IMPLEMENTATIONS = YES;
				CLANG_WARN_DIRECT_OBJC_ISA_USAGE = YES_ERROR;
				CLANG_WARN_DOCUMENTATION_COMMENTS = YES;
				CLANG_WARN_EMPTY_BODY = YES;
				CLANG_WARN_ENUM_CONVERSION = YES;
				CLANG_WARN_INFINITE_RECURSION = YES;
				CLANG_WARN_INT_CONVERSION = YES;
				CLANG_WARN_NON_LITERAL_NULL_CONVERSION = YES;
				CLANG_WARN_OBJC_IMPLICIT_RETAIN_SELF = YES;
				CLANG_WARN_OBJC_LITERAL_CONVERSION = YES;
				CLANG_WARN_OBJC_ROOT_CLASS = YES_ERROR;
				CLANG_WARN_QUOTED_INCLUDE_IN_FRAMEWORK_HEADER = YES;
				CLANG_WARN_RANGE_LOOP_ANALYSIS = YES;
				CLANG_WARN_STRICT_PROTOTYPES = YES;
				CLANG_WARN_SUSPICIOUS_MOVE = YES;
				CLANG_WARN_UNGUARDED_AVAILABILITY = YES_AGGRESSIVE;
				CLANG_WARN_UNREACHABLE_CODE = YES;
				CLANG_WARN__DUPLICATE_METHOD_MATCH = YES;
				COPY_PHASE_STRIP = NO;
				DEBUG_INFORMATION_FORMAT = dwarf;
				ENABLE_STRICT_OBJC_MSGSEND = YES;
				ENABLE_TESTABILITY = YES;
				GCC_C_LANGUAGE_STANDARD = gnu11;
				GCC_DYNAMIC_NO_PIC = NO;
				GCC_NO_COMMON_BLOCKS = YES;
				GCC_OPTIMIZATION_LEVEL = 0;
				GCC_PREPROCESSOR_DEFINITIONS = (
					"DEBUG=1",
					"$(inherited)",
				);
				GCC_WARN_64_TO_32_BIT_CONVERSION = YES;
				GCC_WARN_ABOUT_RETURN_TYPE = YES_ERROR;
				GCC_WARN_UNDECLARED_SELECTOR = YES;
				GCC_WARN_UNINITIALIZED_AUTOS = YES_AGGRESSIVE;
				GCC_WARN_UNUSED_FUNCTION = YES;
				GCC_WARN_UNUSED_VARIABLE = YES;
				IPHONEOS_DEPLOYMENT_TARGET = 14.0;
				MTL_ENABLE_DEBUG_INFO = INCLUDE_SOURCE;
				MTL_FAST_MATH = YES;
				ONLY_ACTIVE_ARCH = YES;
				SDKROOT = iphoneos;
				SWIFT_ACTIVE_COMPILATION_CONDITIONS = DEBUG;
				SWIFT_OPTIMIZATION_LEVEL = "-Onone";
			};
			name = Debug;
		};
		547D7FB529FAE34200EAE8AE /* Release */ = {
			isa = XCBuildConfiguration;
			buildSettings = {
				ALWAYS_SEARCH_USER_PATHS = NO;
				CLANG_ANALYZER_NONNULL = YES;
				CLANG_ANALYZER_NUMBER_OBJECT_CONVERSION = YES_AGGRESSIVE;
				CLANG_CXX_LANGUAGE_STANDARD = "gnu++20";
				CLANG_ENABLE_MODULES = YES;
				CLANG_ENABLE_OBJC_ARC = YES;
				CLANG_ENABLE_OBJC_WEAK = YES;
				CLANG_WARN_BLOCK_CAPTURE_AUTORELEASING = YES;
				CLANG_WARN_BOOL_CONVERSION = YES;
				CLANG_WARN_COMMA = YES;
				CLANG_WARN_CONSTANT_CONVERSION = YES;
				CLANG_WARN_DEPRECATED_OBJC_IMPLEMENTATIONS = YES;
				CLANG_WARN_DIRECT_OBJC_ISA_USAGE = YES_ERROR;
				CLANG_WARN_DOCUMENTATION_COMMENTS = YES;
				CLANG_WARN_EMPTY_BODY = YES;
				CLANG_WARN_ENUM_CONVERSION = YES;
				CLANG_WARN_INFINITE_RECURSION = YES;
				CLANG_WARN_INT_CONVERSION = YES;
				CLANG_WARN_NON_LITERAL_NULL_CONVERSION = YES;
				CLANG_WARN_OBJC_IMPLICIT_RETAIN_SELF = YES;
				CLANG_WARN_OBJC_LITERAL_CONVERSION = YES;
				CLANG_WARN_OBJC_ROOT_CLASS = YES_ERROR;
				CLANG_WARN_QUOTED_INCLUDE_IN_FRAMEWORK_HEADER = YES;
				CLANG_WARN_RANGE_LOOP_ANALYSIS = YES;
				CLANG_WARN_STRICT_PROTOTYPES = YES;
				CLANG_WARN_SUSPICIOUS_MOVE = YES;
				CLANG_WARN_UNGUARDED_AVAILABILITY = YES_AGGRESSIVE;
				CLANG_WARN_UNREACHABLE_CODE = YES;
				CLANG_WARN__DUPLICATE_METHOD_MATCH = YES;
				COPY_PHASE_STRIP = NO;
				DEBUG_INFORMATION_FORMAT = "dwarf-with-dsym";
				ENABLE_NS_ASSERTIONS = NO;
				ENABLE_STRICT_OBJC_MSGSEND = YES;
				GCC_C_LANGUAGE_STANDARD = gnu11;
				GCC_NO_COMMON_BLOCKS = YES;
				GCC_WARN_64_TO_32_BIT_CONVERSION = YES;
				GCC_WARN_ABOUT_RETURN_TYPE = YES_ERROR;
				GCC_WARN_UNDECLARED_SELECTOR = YES;
				GCC_WARN_UNINITIALIZED_AUTOS = YES_AGGRESSIVE;
				GCC_WARN_UNUSED_FUNCTION = YES;
				GCC_WARN_UNUSED_VARIABLE = YES;
				IPHONEOS_DEPLOYMENT_TARGET = 14.0;
				MTL_ENABLE_DEBUG_INFO = NO;
				MTL_FAST_MATH = YES;
				SDKROOT = iphoneos;
				SWIFT_COMPILATION_MODE = wholemodule;
				SWIFT_OPTIMIZATION_LEVEL = "-O";
				VALIDATE_PRODUCT = YES;
			};
			name = Release;
		};
		547D7FB729FAE34200EAE8AE /* Debug */ = {
			isa = XCBuildConfiguration;
			buildSettings = {
				ASSETCATALOG_COMPILER_APPICON_NAME = AppIcon;
				ASSETCATALOG_COMPILER_GLOBAL_ACCENT_COLOR_NAME = AccentColor;
				CODE_SIGN_STYLE = Automatic;
				CURRENT_PROJECT_VERSION = 1;
				DEVELOPMENT_TEAM = H99GGRR549;
				GENERATE_INFOPLIST_FILE = YES;
				INFOPLIST_FILE = HammerFoodTestApp/Application/Info.plist;
				INFOPLIST_KEY_UIApplicationSupportsIndirectInputEvents = YES;
				INFOPLIST_KEY_UILaunchStoryboardName = LaunchScreen;
				INFOPLIST_KEY_UISupportedInterfaceOrientations = UIInterfaceOrientationPortrait;
				INFOPLIST_KEY_UISupportedInterfaceOrientations_iPad = "UIInterfaceOrientationLandscapeLeft UIInterfaceOrientationLandscapeRight UIInterfaceOrientationPortrait UIInterfaceOrientationPortraitUpsideDown";
				IPHONEOS_DEPLOYMENT_TARGET = 14.0;
				LD_RUNPATH_SEARCH_PATHS = (
					"$(inherited)",
					"@executable_path/Frameworks",
				);
				MARKETING_VERSION = 1.0;
				PRODUCT_BUNDLE_IDENTIFIER = ENDEV.HammerFoodTestApp;
				PRODUCT_NAME = "$(TARGET_NAME)";
				SUPPORTED_PLATFORMS = "iphoneos iphonesimulator";
				SUPPORTS_MACCATALYST = NO;
				SUPPORTS_MAC_DESIGNED_FOR_IPHONE_IPAD = NO;
				SWIFT_EMIT_LOC_STRINGS = YES;
				SWIFT_VERSION = 5.0;
				TARGETED_DEVICE_FAMILY = 1;
			};
			name = Debug;
		};
		547D7FB829FAE34200EAE8AE /* Release */ = {
			isa = XCBuildConfiguration;
			buildSettings = {
				ASSETCATALOG_COMPILER_APPICON_NAME = AppIcon;
				ASSETCATALOG_COMPILER_GLOBAL_ACCENT_COLOR_NAME = AccentColor;
				CODE_SIGN_STYLE = Automatic;
				CURRENT_PROJECT_VERSION = 1;
				DEVELOPMENT_TEAM = H99GGRR549;
				GENERATE_INFOPLIST_FILE = YES;
				INFOPLIST_FILE = HammerFoodTestApp/Application/Info.plist;
				INFOPLIST_KEY_UIApplicationSupportsIndirectInputEvents = YES;
				INFOPLIST_KEY_UILaunchStoryboardName = LaunchScreen;
				INFOPLIST_KEY_UISupportedInterfaceOrientations = UIInterfaceOrientationPortrait;
				INFOPLIST_KEY_UISupportedInterfaceOrientations_iPad = "UIInterfaceOrientationLandscapeLeft UIInterfaceOrientationLandscapeRight UIInterfaceOrientationPortrait UIInterfaceOrientationPortraitUpsideDown";
				IPHONEOS_DEPLOYMENT_TARGET = 14.0;
				LD_RUNPATH_SEARCH_PATHS = (
					"$(inherited)",
					"@executable_path/Frameworks",
				);
				MARKETING_VERSION = 1.0;
				PRODUCT_BUNDLE_IDENTIFIER = ENDEV.HammerFoodTestApp;
				PRODUCT_NAME = "$(TARGET_NAME)";
				SUPPORTED_PLATFORMS = "iphoneos iphonesimulator";
				SUPPORTS_MACCATALYST = NO;
				SUPPORTS_MAC_DESIGNED_FOR_IPHONE_IPAD = NO;
				SWIFT_EMIT_LOC_STRINGS = YES;
				SWIFT_VERSION = 5.0;
				TARGETED_DEVICE_FAMILY = 1;
			};
			name = Release;
		};
/* End XCBuildConfiguration section */

/* Begin XCConfigurationList section */
		547D7F9D29FAE33C00EAE8AE /* Build configuration list for PBXProject "HammerFoodTestApp" */ = {
			isa = XCConfigurationList;
			buildConfigurations = (
				547D7FB429FAE34200EAE8AE /* Debug */,
				547D7FB529FAE34200EAE8AE /* Release */,
			);
			defaultConfigurationIsVisible = 0;
			defaultConfigurationName = Release;
		};
		547D7FB629FAE34200EAE8AE /* Build configuration list for PBXNativeTarget "HammerFoodTestApp" */ = {
			isa = XCConfigurationList;
			buildConfigurations = (
				547D7FB729FAE34200EAE8AE /* Debug */,
				547D7FB829FAE34200EAE8AE /* Release */,
			);
			defaultConfigurationIsVisible = 0;
			defaultConfigurationName = Release;
		};
/* End XCConfigurationList section */

/* Begin XCRemoteSwiftPackageReference section */
		547D7FBA29FAE50800EAE8AE /* XCRemoteSwiftPackageReference "SnapKit" */ = {
			isa = XCRemoteSwiftPackageReference;
			repositoryURL = "https://github.com/SnapKit/SnapKit";
			requirement = {
				kind = upToNextMajorVersion;
				minimumVersion = 5.0.0;
			};
		};
/* End XCRemoteSwiftPackageReference section */

/* Begin XCSwiftPackageProductDependency section */
		547D7FBB29FAE50800EAE8AE /* SnapKit */ = {
			isa = XCSwiftPackageProductDependency;
			package = 547D7FBA29FAE50800EAE8AE /* XCRemoteSwiftPackageReference "SnapKit" */;
			productName = SnapKit;
		};
/* End XCSwiftPackageProductDependency section */
	};
	rootObject = 547D7F9A29FAE33C00EAE8AE /* Project object */;
}
